
Microsoft Visual Studio Solution File, Format Version 12.00
Project("{FAE04EC0-301F-11D3-BF4B-00C04F79EFBC}") = "Eccord", "Eccord\Eccord.csproj", "{8A08597D-7065-412C-A7B1-82CBBBE2AAC3}"
EndProject
Global
	GlobalSection(SolutionConfigurationPlatforms) = preSolution
		Debug|Any CPU = Debug|Any CPU
		Release|Any CPU = Release|Any CPU
	EndGlobalSection
	GlobalSection(ProjectConfigurationPlatforms) = postSolution
		{8A08597D-7065-412C-A7B1-82CBBBE2AAC3}.Debug|Any CPU.ActiveCfg = Debug|Any CPU
		{8A08597D-7065-412C-A7B1-82CBBBE2AAC3}.Debug|Any CPU.Build.0 = Debug|Any CPU
		{8A08597D-7065-412C-A7B1-82CBBBE2AAC3}.Release|Any CPU.ActiveCfg = Release|Any CPU
		{8A08597D-7065-412C-A7B1-82CBBBE2AAC3}.Release|Any CPU.Build.0 = Release|Any CPU
	EndGlobalSection
EndGlobal
